PODS:
  - Flutter (1.0.0)
  - flutter_gamepad (0.0.1):
    - Flutter

DEPENDENCIES:
  - Flutter (from `Flutter`)
  - flutter_gamepad (from `.symlinks/plugins/flutter_gamepad/ios`)

EXTERNAL SOURCES:
  Flutter:
    :path: Flutter
  flutter_gamepad:
    :path: ".symlinks/plugins/flutter_gamepad/ios"

SPEC CHECKSUMS:
  Flutter: 50d75fe2f02b26cc09d224853bb45737f8b3214a
  flutter_gamepad: 3e9433447efe1736219d12c4267bbd647c3f85eb

PODFILE CHECKSUM: aafe91acc616949ddb318b77800a7f51bffa2a4c

COCOAPODS: 1.11.3
